// !$*UTF8*$!
{
	archiveVersion = 1;
	classes = {
	};
	objectVersion = 46;
	objects = {

/* Begin PBXBuildFile section */
		4B24D8B51AD156CA00A83A4C /* yl_value.cpp in Sources */ = {isa = PBXBuildFile; fileRef = 4B24D8B41AD156CA00A83A4C /* yl_value.cpp */; };
		4B24D8B81AD160E900A83A4C /* yl_function.cpp in Sources */ = {isa = PBXBuildFile; fileRef = 4B24D8B61AD160E900A83A4C /* yl_function.cpp */; };
		4B24D8B91AD160E900A83A4C /* yl_function.h in Headers */ = {isa = PBXBuildFile; fileRef = 4B24D8B71AD160E900A83A4C /* yl_function.h */; };
		4B24D8BB1AD1DE0500A83A4C /* yl_code.cpp in Sources */ = {isa = PBXBuildFile; fileRef = 4B24D8BA1AD1DE0500A83A4C /* yl_code.cpp */; };
		4B24D8BE1AD4018E00A83A4C /* dlmalloc.c in Sources */ = {isa = PBXBuildFile; fileRef = 4B24D8BC1AD4018E00A83A4C /* dlmalloc.c */; };
		4B24D8BF1AD4018E00A83A4C /* dlmalloc.h in Headers */ = {isa = PBXBuildFile; fileRef = 4B24D8BD1AD4018E00A83A4C /* dlmalloc.h */; };
		4B4176F21AA3849C00C014EB /* yl_code.h in Headers */ = {isa = PBXBuildFile; fileRef = 4B4176F11AA3849C00C014EB /* yl_code.h */; };
		4B4231531AC407C70065BDAF /* yssa_constfold.cpp in Sources */ = {isa = PBXBuildFile; fileRef = 4B4231511AC407C70065BDAF /* yssa_constfold.cpp */; };
		4B4231541AC407C70065BDAF /* yssa_constfold.h in Headers */ = {isa = PBXBuildFile; fileRef = 4B4231521AC407C70065BDAF /* yssa_constfold.h */; };
		4B4231571AC4D9950065BDAF /* yssa_analyze.cpp in Sources */ = {isa = PBXBuildFile; fileRef = 4B4231551AC4D9950065BDAF /* yssa_analyze.cpp */; };
		4B4231581AC4D9950065BDAF /* yssa_analyze.h in Headers */ = {isa = PBXBuildFile; fileRef = 4B4231561AC4D9950065BDAF /* yssa_analyze.h */; };
		4B42315B1AC5FF810065BDAF /* yssa_regalloc.cpp in Sources */ = {isa = PBXBuildFile; fileRef = 4B4231591AC5FF810065BDAF /* yssa_regalloc.cpp */; };
		4B42315C1AC5FF810065BDAF /* yssa_regalloc.h in Headers */ = {isa = PBXBuildFile; fileRef = 4B42315A1AC5FF810065BDAF /* yssa_regalloc.h */; };
		4B4231601AC82E2B0065BDAF /* yssa_liveness.cpp in Sources */ = {isa = PBXBuildFile; fileRef = 4B42315E1AC82E2B0065BDAF /* yssa_liveness.cpp */; };
		4B4231611AC82E2B0065BDAF /* yssa_liveness.h in Headers */ = {isa = PBXBuildFile; fileRef = 4B42315F1AC82E2B0065BDAF /* yssa_liveness.h */; };
		4B6FDAAA1AA654AE001096B0 /* yl_ast.cpp in Sources */ = {isa = PBXBuildFile; fileRef = 4B6FDA9A1AA654AE001096B0 /* yl_ast.cpp */; };
		4B6FDAAB1AA654AE001096B0 /* yl_ast.h in Headers */ = {isa = PBXBuildFile; fileRef = 4B6FDA9B1AA654AE001096B0 /* yl_ast.h */; };
		4B6FDAAC1AA654AE001096B0 /* yl_ast_print.cpp in Sources */ = {isa = PBXBuildFile; fileRef = 4B6FDA9C1AA654AE001096B0 /* yl_ast_print.cpp */; };
		4B6FDAAD1AA654AE001096B0 /* yl_ast_visitor.h in Headers */ = {isa = PBXBuildFile; fileRef = 4B6FDA9D1AA654AE001096B0 /* yl_ast_visitor.h */; };
		4B6FDAB01AA654AE001096B0 /* yl_diagnostics.cpp in Sources */ = {isa = PBXBuildFile; fileRef = 4B6FDAA01AA654AE001096B0 /* yl_diagnostics.cpp */; };
		4B6FDAB11AA654AE001096B0 /* yl_diagnostics.h in Headers */ = {isa = PBXBuildFile; fileRef = 4B6FDAA11AA654AE001096B0 /* yl_diagnostics.h */; };
		4B6FDAB21AA654AE001096B0 /* yl_parser.cpp in Sources */ = {isa = PBXBuildFile; fileRef = 4B6FDAA21AA654AE001096B0 /* yl_parser.cpp */; };
		4B6FDAB31AA654AE001096B0 /* yl_parser.h in Headers */ = {isa = PBXBuildFile; fileRef = 4B6FDAA31AA654AE001096B0 /* yl_parser.h */; };
		4B6FDAB41AA654AE001096B0 /* yl_parser_lemon.h in Headers */ = {isa = PBXBuildFile; fileRef = 4B6FDAA41AA654AE001096B0 /* yl_parser_lemon.h */; };
		4B6FDAB51AA654AE001096B0 /* yl_token.cpp in Sources */ = {isa = PBXBuildFile; fileRef = 4B6FDAA81AA654AE001096B0 /* yl_token.cpp */; };
		4B6FDAB61AA654AE001096B0 /* yl_token.h in Headers */ = {isa = PBXBuildFile; fileRef = 4B6FDAA91AA654AE001096B0 /* yl_token.h */; };
		4B6FDABD1AA65C6C001096B0 /* yl_string.cpp in Sources */ = {isa = PBXBuildFile; fileRef = 4B6FDABC1AA65C6C001096B0 /* yl_string.cpp */; };
		4B6FDAD21AA66ABF001096B0 /* yl_context.cpp in Sources */ = {isa = PBXBuildFile; fileRef = 4B6FDAD11AA66ABF001096B0 /* yl_context.cpp */; };
		4B6FDE801AA7A0B7001096B0 /* yl_compile.cpp in Sources */ = {isa = PBXBuildFile; fileRef = 4B6FDE7F1AA7A0B7001096B0 /* yl_compile.cpp */; };
		4B6FDE811AA7B4D8001096B0 /* yl_parser_lemon.ly in Sources */ = {isa = PBXBuildFile; fileRef = 4B6FDAA51AA654AE001096B0 /* yl_parser_lemon.ly */; };
		4B6FDE821AA7B4D8001096B0 /* yl_parser_ragel.rl in Sources */ = {isa = PBXBuildFile; fileRef = 4B6FDAA71AA654AE001096B0 /* yl_parser_ragel.rl */; };
		4B6FDE851AA855C0001096B0 /* yssa.cpp in Sources */ = {isa = PBXBuildFile; fileRef = 4B6FDE841AA855C0001096B0 /* yssa.cpp */; };
		4B6FDE881AA8F1E6001096B0 /* yssa_builder.cpp in Sources */ = {isa = PBXBuildFile; fileRef = 4B6FDE871AA8F1E6001096B0 /* yssa_builder.cpp */; };
		DB55C7A61AD19F9C00BD6C17 /* yl_invoke.cpp in Sources */ = {isa = PBXBuildFile; fileRef = DB55C7A51AD19F9C00BD6C17 /* yl_invoke.cpp */; };
		DB55C7A91AD1A1C400BD6C17 /* yssa_codegen.cpp in Sources */ = {isa = PBXBuildFile; fileRef = DB55C7A71AD1A1C400BD6C17 /* yssa_codegen.cpp */; };
		DB55C7AA1AD1A1C400BD6C17 /* yssa_codegen.h in Headers */ = {isa = PBXBuildFile; fileRef = DB55C7A81AD1A1C400BD6C17 /* yssa_codegen.h */; };
		DB55C7AC1AD32CD500BD6C17 /* yl_heap.cpp in Sources */ = {isa = PBXBuildFile; fileRef = DB55C7AB1AD32CD500BD6C17 /* yl_heap.cpp */; };
/* End PBXBuildFile section */

/* Begin PBXBuildRule section */
		4BCF3D761A857E4100B9AB3A /* PBXBuildRule */ = {
			isa = PBXBuildRule;
			compilerSpec = com.apple.compilers.proxy.script;
			filePatterns = "*.rl";
			fileType = pattern.proxy;
			isEditable = 1;
			outputFiles = (
				"$(DERIVED_FILES_DIR)/$(INPUT_FILE_BASE).rl.cpp",
			);
			script = "/usr/local/bin/ragel -G1 -o \"$DERIVED_FILES_DIR/$INPUT_FILE_BASE.rl.cpp\" \"$INPUT_FILE_PATH\"";
		};
		4BCF3D7A1A85815D00B9AB3A /* PBXBuildRule */ = {
			isa = PBXBuildRule;
			compilerSpec = com.apple.compilers.proxy.script;
			filePatterns = "*.ly";
			fileType = pattern.proxy;
			isEditable = 1;
			outputFiles = (
				"$(DERIVED_FILE_DIR)/$(INPUT_FILE_BASE).ly.cpp",
			);
			script = "/usr/local/bin/lemon \"$INPUT_FILE_PATH\"\nmv \"$INPUT_FILE_DIR/$INPUT_FILE_BASE.c\" \"$DERIVED_FILES_DIR/$INPUT_FILE_BASE.ly.cpp\"";
		};
/* End PBXBuildRule section */

/* Begin PBXFileReference section */
		4B24D8B41AD156CA00A83A4C /* yl_value.cpp */ = {isa = PBXFileReference; fileEncoding = 4; lastKnownFileType = sourcecode.cpp.cpp; path = yl_value.cpp; sourceTree = "<group>"; };
		4B24D8B61AD160E900A83A4C /* yl_function.cpp */ = {isa = PBXFileReference; fileEncoding = 4; lastKnownFileType = sourcecode.cpp.cpp; path = yl_function.cpp; sourceTree = "<group>"; };
		4B24D8B71AD160E900A83A4C /* yl_function.h */ = {isa = PBXFileReference; fileEncoding = 4; lastKnownFileType = sourcecode.c.h; path = yl_function.h; sourceTree = "<group>"; };
		4B24D8BA1AD1DE0500A83A4C /* yl_code.cpp */ = {isa = PBXFileReference; fileEncoding = 4; lastKnownFileType = sourcecode.cpp.cpp; path = yl_code.cpp; sourceTree = "<group>"; };
		4B24D8BC1AD4018E00A83A4C /* dlmalloc.c */ = {isa = PBXFileReference; fileEncoding = 4; lastKnownFileType = sourcecode.c.c; path = dlmalloc.c; sourceTree = "<group>"; };
		4B24D8BD1AD4018E00A83A4C /* dlmalloc.h */ = {isa = PBXFileReference; fileEncoding = 4; lastKnownFileType = sourcecode.c.h; path = dlmalloc.h; sourceTree = "<group>"; };
		4B4176CE1AA24AEE00C014EB /* yl_context.h */ = {isa = PBXFileReference; lastKnownFileType = sourcecode.c.h; path = yl_context.h; sourceTree = "<group>"; };
		4B4176CF1AA24B1500C014EB /* yl_expose.h */ = {isa = PBXFileReference; lastKnownFileType = sourcecode.c.h; path = yl_expose.h; sourceTree = "<group>"; };
		4B4176D01AA24B3D00C014EB /* yl_invoke.h */ = {isa = PBXFileReference; lastKnownFileType = sourcecode.c.h; path = yl_invoke.h; sourceTree = "<group>"; };
		4B4176D11AA24BF600C014EB /* yl_frame.h */ = {isa = PBXFileReference; lastKnownFileType = sourcecode.c.h; path = yl_frame.h; sourceTree = "<group>"; };
		4B4176F11AA3849C00C014EB /* yl_code.h */ = {isa = PBXFileReference; fileEncoding = 4; lastKnownFileType = sourcecode.c.h; path = yl_code.h; sourceTree = "<group>"; };
		4B4176F41AA5033100C014EB /* yl_value.h */ = {isa = PBXFileReference; lastKnownFileType = sourcecode.c.h; path = yl_value.h; sourceTree = "<group>"; };
		4B4176F51AA503DD00C014EB /* yl_object.h */ = {isa = PBXFileReference; lastKnownFileType = sourcecode.c.h; path = yl_object.h; sourceTree = "<group>"; };
		4B4176F61AA5040300C014EB /* yl_heap.h */ = {isa = PBXFileReference; lastKnownFileType = sourcecode.c.h; path = yl_heap.h; sourceTree = "<group>"; };
		4B4231491ABF39AC0065BDAF /* fannkuch-redux.lua */ = {isa = PBXFileReference; fileEncoding = 4; lastKnownFileType = text; path = "fannkuch-redux.lua"; sourceTree = "<group>"; };
		4B42314A1ABF39AC0065BDAF /* fannkuch-redux.py */ = {isa = PBXFileReference; fileEncoding = 4; lastKnownFileType = text.script.python; path = "fannkuch-redux.py"; sourceTree = "<group>"; };
		4B42314B1ABF39AC0065BDAF /* fannkuch-redux.yl */ = {isa = PBXFileReference; fileEncoding = 4; lastKnownFileType = text; path = "fannkuch-redux.yl"; sourceTree = "<group>"; };
		4B42314C1ABF39AC0065BDAF /* n-body.lua */ = {isa = PBXFileReference; fileEncoding = 4; lastKnownFileType = text; path = "n-body.lua"; sourceTree = "<group>"; };
		4B42314D1ABF39AC0065BDAF /* n-body.py */ = {isa = PBXFileReference; fileEncoding = 4; lastKnownFileType = text.script.python; path = "n-body.py"; sourceTree = "<group>"; };
		4B42314E1ABF39AC0065BDAF /* n-body.yl */ = {isa = PBXFileReference; fileEncoding = 4; lastKnownFileType = text; path = "n-body.yl"; sourceTree = "<group>"; };
		4B42314F1ABF39AC0065BDAF /* switch.yl */ = {isa = PBXFileReference; fileEncoding = 4; lastKnownFileType = text; path = switch.yl; sourceTree = "<group>"; };
		4B4231501ABF39AC0065BDAF /* test.yl */ = {isa = PBXFileReference; fileEncoding = 4; lastKnownFileType = text; path = test.yl; sourceTree = "<group>"; };
		4B4231511AC407C70065BDAF /* yssa_constfold.cpp */ = {isa = PBXFileReference; fileEncoding = 4; lastKnownFileType = sourcecode.cpp.cpp; path = yssa_constfold.cpp; sourceTree = "<group>"; };
		4B4231521AC407C70065BDAF /* yssa_constfold.h */ = {isa = PBXFileReference; fileEncoding = 4; lastKnownFileType = sourcecode.c.h; path = yssa_constfold.h; sourceTree = "<group>"; };
		4B4231551AC4D9950065BDAF /* yssa_analyze.cpp */ = {isa = PBXFileReference; fileEncoding = 4; lastKnownFileType = sourcecode.cpp.cpp; path = yssa_analyze.cpp; sourceTree = "<group>"; };
		4B4231561AC4D9950065BDAF /* yssa_analyze.h */ = {isa = PBXFileReference; fileEncoding = 4; lastKnownFileType = sourcecode.c.h; path = yssa_analyze.h; sourceTree = "<group>"; };
		4B4231591AC5FF810065BDAF /* yssa_regalloc.cpp */ = {isa = PBXFileReference; fileEncoding = 4; lastKnownFileType = sourcecode.cpp.cpp; path = yssa_regalloc.cpp; sourceTree = "<group>"; };
		4B42315A1AC5FF810065BDAF /* yssa_regalloc.h */ = {isa = PBXFileReference; fileEncoding = 4; lastKnownFileType = sourcecode.c.h; path = yssa_regalloc.h; sourceTree = "<group>"; };
		4B42315E1AC82E2B0065BDAF /* yssa_liveness.cpp */ = {isa = PBXFileReference; fileEncoding = 4; lastKnownFileType = sourcecode.cpp.cpp; path = yssa_liveness.cpp; sourceTree = "<group>"; };
		4B42315F1AC82E2B0065BDAF /* yssa_liveness.h */ = {isa = PBXFileReference; fileEncoding = 4; lastKnownFileType = sourcecode.c.h; path = yssa_liveness.h; sourceTree = "<group>"; };
		4B6FDA981AA5AA83001096B0 /* yl_string.h */ = {isa = PBXFileReference; lastKnownFileType = sourcecode.c.h; path = yl_string.h; sourceTree = "<group>"; };
		4B6FDA9A1AA654AE001096B0 /* yl_ast.cpp */ = {isa = PBXFileReference; fileEncoding = 4; lastKnownFileType = sourcecode.cpp.cpp; path = yl_ast.cpp; sourceTree = "<group>"; };
		4B6FDA9B1AA654AE001096B0 /* yl_ast.h */ = {isa = PBXFileReference; fileEncoding = 4; lastKnownFileType = sourcecode.c.h; path = yl_ast.h; sourceTree = "<group>"; };
		4B6FDA9C1AA654AE001096B0 /* yl_ast_print.cpp */ = {isa = PBXFileReference; fileEncoding = 4; lastKnownFileType = sourcecode.cpp.cpp; path = yl_ast_print.cpp; sourceTree = "<group>"; };
		4B6FDA9D1AA654AE001096B0 /* yl_ast_visitor.h */ = {isa = PBXFileReference; fileEncoding = 4; lastKnownFileType = sourcecode.c.h; path = yl_ast_visitor.h; sourceTree = "<group>"; };
		4B6FDAA01AA654AE001096B0 /* yl_diagnostics.cpp */ = {isa = PBXFileReference; fileEncoding = 4; lastKnownFileType = sourcecode.cpp.cpp; path = yl_diagnostics.cpp; sourceTree = "<group>"; };
		4B6FDAA11AA654AE001096B0 /* yl_diagnostics.h */ = {isa = PBXFileReference; fileEncoding = 4; lastKnownFileType = sourcecode.c.h; path = yl_diagnostics.h; sourceTree = "<group>"; };
		4B6FDAA21AA654AE001096B0 /* yl_parser.cpp */ = {isa = PBXFileReference; fileEncoding = 4; lastKnownFileType = sourcecode.cpp.cpp; path = yl_parser.cpp; sourceTree = "<group>"; };
		4B6FDAA31AA654AE001096B0 /* yl_parser.h */ = {isa = PBXFileReference; fileEncoding = 4; lastKnownFileType = sourcecode.c.h; path = yl_parser.h; sourceTree = "<group>"; };
		4B6FDAA41AA654AE001096B0 /* yl_parser_lemon.h */ = {isa = PBXFileReference; fileEncoding = 4; lastKnownFileType = sourcecode.c.h; path = yl_parser_lemon.h; sourceTree = "<group>"; };
		4B6FDAA51AA654AE001096B0 /* yl_parser_lemon.ly */ = {isa = PBXFileReference; fileEncoding = 4; lastKnownFileType = text; path = yl_parser_lemon.ly; sourceTree = "<group>"; };
		4B6FDAA61AA654AE001096B0 /* yl_parser_lemon.out */ = {isa = PBXFileReference; fileEncoding = 4; lastKnownFileType = text; path = yl_parser_lemon.out; sourceTree = "<group>"; };
		4B6FDAA71AA654AE001096B0 /* yl_parser_ragel.rl */ = {isa = PBXFileReference; fileEncoding = 4; lastKnownFileType = text; path = yl_parser_ragel.rl; sourceTree = "<group>"; };
		4B6FDAA81AA654AE001096B0 /* yl_token.cpp */ = {isa = PBXFileReference; fileEncoding = 4; lastKnownFileType = sourcecode.cpp.cpp; path = yl_token.cpp; sourceTree = "<group>"; };
		4B6FDAA91AA654AE001096B0 /* yl_token.h */ = {isa = PBXFileReference; fileEncoding = 4; lastKnownFileType = sourcecode.c.h; path = yl_token.h; sourceTree = "<group>"; };
		4B6FDABC1AA65C6C001096B0 /* yl_string.cpp */ = {isa = PBXFileReference; fileEncoding = 4; lastKnownFileType = sourcecode.cpp.cpp; path = yl_string.cpp; sourceTree = "<group>"; };
		4B6FDAD11AA66ABF001096B0 /* yl_context.cpp */ = {isa = PBXFileReference; fileEncoding = 4; lastKnownFileType = sourcecode.cpp.cpp; path = yl_context.cpp; sourceTree = "<group>"; };
		4B6FDADA1AA66B65001096B0 /* yl_compile.h */ = {isa = PBXFileReference; lastKnownFileType = sourcecode.c.h; path = yl_compile.h; sourceTree = "<group>"; };
		4B6FDE7F1AA7A0B7001096B0 /* yl_compile.cpp */ = {isa = PBXFileReference; fileEncoding = 4; lastKnownFileType = sourcecode.cpp.cpp; path = yl_compile.cpp; sourceTree = "<group>"; };
		4B6FDE831AA7B621001096B0 /* yssa.h */ = {isa = PBXFileReference; lastKnownFileType = sourcecode.c.h; path = yssa.h; sourceTree = "<group>"; };
		4B6FDE841AA855C0001096B0 /* yssa.cpp */ = {isa = PBXFileReference; fileEncoding = 4; lastKnownFileType = sourcecode.cpp.cpp; path = yssa.cpp; sourceTree = "<group>"; };
		4B6FDE861AA8F1D2001096B0 /* yssa_builder.h */ = {isa = PBXFileReference; lastKnownFileType = sourcecode.c.h; path = yssa_builder.h; sourceTree = "<group>"; };
		4B6FDE871AA8F1E6001096B0 /* yssa_builder.cpp */ = {isa = PBXFileReference; fileEncoding = 4; lastKnownFileType = sourcecode.cpp.cpp; path = yssa_builder.cpp; sourceTree = "<group>"; };
		4BCF3D521A856FF500B9AB3A /* libylang.a */ = {isa = PBXFileReference; explicitFileType = archive.ar; includeInIndex = 0; path = libylang.a; sourceTree = BUILT_PRODUCTS_DIR; };
		DB55C7A51AD19F9C00BD6C17 /* yl_invoke.cpp */ = {isa = PBXFileReference; fileEncoding = 4; lastKnownFileType = sourcecode.cpp.cpp; path = yl_invoke.cpp; sourceTree = "<group>"; };
		DB55C7A71AD1A1C400BD6C17 /* yssa_codegen.cpp */ = {isa = PBXFileReference; fileEncoding = 4; lastKnownFileType = sourcecode.cpp.cpp; path = yssa_codegen.cpp; sourceTree = "<group>"; };
		DB55C7A81AD1A1C400BD6C17 /* yssa_codegen.h */ = {isa = PBXFileReference; fileEncoding = 4; lastKnownFileType = sourcecode.c.h; path = yssa_codegen.h; sourceTree = "<group>"; };
		DB55C7AB1AD32CD500BD6C17 /* yl_heap.cpp */ = {isa = PBXFileReference; fileEncoding = 4; lastKnownFileType = sourcecode.cpp.cpp; path = yl_heap.cpp; sourceTree = "<group>"; };
/* End PBXFileReference section */

/* Begin PBXFrameworksBuildPhase section */
		4BCF3D4F1A856FF500B9AB3A /* Frameworks */ = {
			isa = PBXFrameworksBuildPhase;
			buildActionMask = 2147483647;
			files = (
			);
			runOnlyForDeploymentPostprocessing = 0;
		};
/* End PBXFrameworksBuildPhase section */

/* Begin PBXGroup section */
		4B4176D31AA3820600C014EB /* runtime */ = {
			isa = PBXGroup;
			children = (
				4B24D8BC1AD4018E00A83A4C /* dlmalloc.c */,
				4B24D8BD1AD4018E00A83A4C /* dlmalloc.h */,
				4B24D8BA1AD1DE0500A83A4C /* yl_code.cpp */,
				4B4176F11AA3849C00C014EB /* yl_code.h */,
				4B6FDAD11AA66ABF001096B0 /* yl_context.cpp */,
				DB55C7AB1AD32CD500BD6C17 /* yl_heap.cpp */,
				4B4176F61AA5040300C014EB /* yl_heap.h */,
				4B4176F51AA503DD00C014EB /* yl_object.h */,
				4B24D8B61AD160E900A83A4C /* yl_function.cpp */,
				4B24D8B71AD160E900A83A4C /* yl_function.h */,
				DB55C7A51AD19F9C00BD6C17 /* yl_invoke.cpp */,
				4B6FDABC1AA65C6C001096B0 /* yl_string.cpp */,
				4B6FDA981AA5AA83001096B0 /* yl_string.h */,
				4B24D8B41AD156CA00A83A4C /* yl_value.cpp */,
				4B4176F41AA5033100C014EB /* yl_value.h */,
			);
			path = runtime;
			sourceTree = "<group>";
		};
		4B4231481ABF39AC0065BDAF /* tests */ = {
			isa = PBXGroup;
			children = (
				4B4231491ABF39AC0065BDAF /* fannkuch-redux.lua */,
				4B42314A1ABF39AC0065BDAF /* fannkuch-redux.py */,
				4B42314B1ABF39AC0065BDAF /* fannkuch-redux.yl */,
				4B42314C1ABF39AC0065BDAF /* n-body.lua */,
				4B42314D1ABF39AC0065BDAF /* n-body.py */,
				4B42314E1ABF39AC0065BDAF /* n-body.yl */,
				4B42314F1ABF39AC0065BDAF /* switch.yl */,
				4B4231501ABF39AC0065BDAF /* test.yl */,
			);
			path = tests;
			sourceTree = "<group>";
		};
		4B6FDA991AA654AE001096B0 /* parser */ = {
			isa = PBXGroup;
			children = (
				4B6FDA9A1AA654AE001096B0 /* yl_ast.cpp */,
				4B6FDA9B1AA654AE001096B0 /* yl_ast.h */,
				4B6FDA9C1AA654AE001096B0 /* yl_ast_print.cpp */,
				4B6FDA9D1AA654AE001096B0 /* yl_ast_visitor.h */,
				4B6FDAA01AA654AE001096B0 /* yl_diagnostics.cpp */,
				4B6FDAA11AA654AE001096B0 /* yl_diagnostics.h */,
				4B6FDAA21AA654AE001096B0 /* yl_parser.cpp */,
				4B6FDAA31AA654AE001096B0 /* yl_parser.h */,
				4B6FDAA41AA654AE001096B0 /* yl_parser_lemon.h */,
				4B6FDAA51AA654AE001096B0 /* yl_parser_lemon.ly */,
				4B6FDAA61AA654AE001096B0 /* yl_parser_lemon.out */,
				4B6FDAA71AA654AE001096B0 /* yl_parser_ragel.rl */,
				4B6FDAA81AA654AE001096B0 /* yl_token.cpp */,
				4B6FDAA91AA654AE001096B0 /* yl_token.h */,
			);
			path = parser;
			sourceTree = "<group>";
		};
		4B6FDAB71AA657A2001096B0 /* compiler */ = {
			isa = PBXGroup;
			children = (
				4B6FDE7F1AA7A0B7001096B0 /* yl_compile.cpp */,
				4B6FDE841AA855C0001096B0 /* yssa.cpp */,
				4B6FDE831AA7B621001096B0 /* yssa.h */,
				4B4231551AC4D9950065BDAF /* yssa_analyze.cpp */,
				4B4231561AC4D9950065BDAF /* yssa_analyze.h */,
				4B6FDE871AA8F1E6001096B0 /* yssa_builder.cpp */,
				4B6FDE861AA8F1D2001096B0 /* yssa_builder.h */,
				DB55C7A71AD1A1C400BD6C17 /* yssa_codegen.cpp */,
				DB55C7A81AD1A1C400BD6C17 /* yssa_codegen.h */,
				4B4231511AC407C70065BDAF /* yssa_constfold.cpp */,
				4B4231521AC407C70065BDAF /* yssa_constfold.h */,
				4B42315E1AC82E2B0065BDAF /* yssa_liveness.cpp */,
				4B42315F1AC82E2B0065BDAF /* yssa_liveness.h */,
				4B4231591AC5FF810065BDAF /* yssa_regalloc.cpp */,
				4B42315A1AC5FF810065BDAF /* yssa_regalloc.h */,
			);
			path = compiler;
			sourceTree = "<group>";
		};
		4B78BEC31A8DF47000918400 /* include */ = {
			isa = PBXGroup;
			children = (
				4B6FDADA1AA66B65001096B0 /* yl_compile.h */,
				4B4176CE1AA24AEE00C014EB /* yl_context.h */,
				4B4176CF1AA24B1500C014EB /* yl_expose.h */,
				4B4176D11AA24BF600C014EB /* yl_frame.h */,
				4B4176D01AA24B3D00C014EB /* yl_invoke.h */,
			);
			path = include;
			sourceTree = "<group>";
		};
		4BCF3D491A856FF500B9AB3A = {
			isa = PBXGroup;
			children = (
				4B78BEC31A8DF47000918400 /* include */,
				4BCF3D5A1A85709800B9AB3A /* source */,
				4B4231481ABF39AC0065BDAF /* tests */,
				4BCF3D531A856FF500B9AB3A /* Products */,
			);
			sourceTree = "<group>";
		};
		4BCF3D531A856FF500B9AB3A /* Products */ = {
			isa = PBXGroup;
			children = (
				4BCF3D521A856FF500B9AB3A /* libylang.a */,
			);
			name = Products;
			sourceTree = "<group>";
		};
		4BCF3D5A1A85709800B9AB3A /* source */ = {
			isa = PBXGroup;
			children = (
				4B6FDAB71AA657A2001096B0 /* compiler */,
				4B6FDA991AA654AE001096B0 /* parser */,
				4B4176D31AA3820600C014EB /* runtime */,
			);
			path = source;
			sourceTree = "<group>";
		};
/* End PBXGroup section */

/* Begin PBXHeadersBuildPhase section */
		4BCF3D501A856FF500B9AB3A /* Headers */ = {
			isa = PBXHeadersBuildPhase;
			buildActionMask = 2147483647;
			files = (
				4B6FDAAB1AA654AE001096B0 /* yl_ast.h in Headers */,
				4B42315C1AC5FF810065BDAF /* yssa_regalloc.h in Headers */,
				4B4231541AC407C70065BDAF /* yssa_constfold.h in Headers */,
				4B6FDAAD1AA654AE001096B0 /* yl_ast_visitor.h in Headers */,
				4B6FDAB31AA654AE001096B0 /* yl_parser.h in Headers */,
				4B4231611AC82E2B0065BDAF /* yssa_liveness.h in Headers */,
				DB55C7AA1AD1A1C400BD6C17 /* yssa_codegen.h in Headers */,
				4B4231581AC4D9950065BDAF /* yssa_analyze.h in Headers */,
				4B24D8BF1AD4018E00A83A4C /* dlmalloc.h in Headers */,
				4B6FDAB41AA654AE001096B0 /* yl_parser_lemon.h in Headers */,
				4B6FDAB61AA654AE001096B0 /* yl_token.h in Headers */,
				4B6FDAB11AA654AE001096B0 /* yl_diagnostics.h in Headers */,
				4B24D8B91AD160E900A83A4C /* yl_function.h in Headers */,
				4B4176F21AA3849C00C014EB /* yl_code.h in Headers */,
			);
			runOnlyForDeploymentPostprocessing = 0;
		};
/* End PBXHeadersBuildPhase section */

/* Begin PBXNativeTarget section */
		4BCF3D511A856FF500B9AB3A /* ylang */ = {
			isa = PBXNativeTarget;
			buildConfigurationList = 4BCF3D561A856FF500B9AB3A /* Build configuration list for PBXNativeTarget "ylang" */;
			buildPhases = (
				4BCF3D4E1A856FF500B9AB3A /* Sources */,
				4BCF3D4F1A856FF500B9AB3A /* Frameworks */,
				4BCF3D501A856FF500B9AB3A /* Headers */,
			);
			buildRules = (
				4BCF3D7A1A85815D00B9AB3A /* PBXBuildRule */,
				4BCF3D761A857E4100B9AB3A /* PBXBuildRule */,
			);
			dependencies = (
			);
			name = ylang;
			productName = ylang;
			productReference = 4BCF3D521A856FF500B9AB3A /* libylang.a */;
			productType = "com.apple.product-type.library.static";
		};
/* End PBXNativeTarget section */

/* Begin PBXProject section */
		4BCF3D4A1A856FF500B9AB3A /* Project object */ = {
			isa = PBXProject;
			attributes = {
				LastUpgradeCheck = 0620;
				ORGANIZATIONNAME = "Edmund Kapusniak";
				TargetAttributes = {
					4BCF3D511A856FF500B9AB3A = {
						CreatedOnToolsVersion = 6.1.1;
					};
				};
			};
			buildConfigurationList = 4BCF3D4D1A856FF500B9AB3A /* Build configuration list for PBXProject "ylang" */;
			compatibilityVersion = "Xcode 3.2";
			developmentRegion = English;
			hasScannedForEncodings = 0;
			knownRegions = (
				en,
			);
			mainGroup = 4BCF3D491A856FF500B9AB3A;
			productRefGroup = 4BCF3D531A856FF500B9AB3A /* Products */;
			projectDirPath = "";
			projectRoot = "";
			targets = (
				4BCF3D511A856FF500B9AB3A /* ylang */,
			);
		};
/* End PBXProject section */

/* Begin PBXSourcesBuildPhase section */
		4BCF3D4E1A856FF500B9AB3A /* Sources */ = {
			isa = PBXSourcesBuildPhase;
			buildActionMask = 2147483647;
			files = (
				4B4231531AC407C70065BDAF /* yssa_constfold.cpp in Sources */,
				4B24D8BB1AD1DE0500A83A4C /* yl_code.cpp in Sources */,
				4B6FDE811AA7B4D8001096B0 /* yl_parser_lemon.ly in Sources */,
				4B6FDE821AA7B4D8001096B0 /* yl_parser_ragel.rl in Sources */,
				4B6FDAD21AA66ABF001096B0 /* yl_context.cpp in Sources */,
				DB55C7A61AD19F9C00BD6C17 /* yl_invoke.cpp in Sources */,
				DB55C7A91AD1A1C400BD6C17 /* yssa_codegen.cpp in Sources */,
				4B6FDABD1AA65C6C001096B0 /* yl_string.cpp in Sources */,
				4B24D8B81AD160E900A83A4C /* yl_function.cpp in Sources */,
				4B4231571AC4D9950065BDAF /* yssa_analyze.cpp in Sources */,
				4B6FDAB51AA654AE001096B0 /* yl_token.cpp in Sources */,
				4B24D8BE1AD4018E00A83A4C /* dlmalloc.c in Sources */,
				4B6FDE851AA855C0001096B0 /* yssa.cpp in Sources */,
				4B6FDAAA1AA654AE001096B0 /* yl_ast.cpp in Sources */,
				4B42315B1AC5FF810065BDAF /* yssa_regalloc.cpp in Sources */,
				4B4231601AC82E2B0065BDAF /* yssa_liveness.cpp in Sources */,
				4B6FDAB21AA654AE001096B0 /* yl_parser.cpp in Sources */,
				4B24D8B51AD156CA00A83A4C /* yl_value.cpp in Sources */,
				4B6FDAAC1AA654AE001096B0 /* yl_ast_print.cpp in Sources */,
				4B6FDAB01AA654AE001096B0 /* yl_diagnostics.cpp in Sources */,
				4B6FDE881AA8F1E6001096B0 /* yssa_builder.cpp in Sources */,
				DB55C7AC1AD32CD500BD6C17 /* yl_heap.cpp in Sources */,
				4B6FDE801AA7A0B7001096B0 /* yl_compile.cpp in Sources */,
			);
			runOnlyForDeploymentPostprocessing = 0;
		};
/* End PBXSourcesBuildPhase section */

/* Begin XCBuildConfiguration section */
		4BCF3D541A856FF500B9AB3A /* Debug */ = {
			isa = XCBuildConfiguration;
			buildSettings = {
				ALWAYS_SEARCH_USER_PATHS = NO;
				CLANG_CXX_LANGUAGE_STANDARD = "gnu++0x";
				CLANG_CXX_LIBRARY = "libc++";
				CLANG_ENABLE_MODULES = YES;
				CLANG_ENABLE_OBJC_ARC = YES;
				CLANG_WARN_BOOL_CONVERSION = YES;
				CLANG_WARN_CONSTANT_CONVERSION = YES;
				CLANG_WARN_DIRECT_OBJC_ISA_USAGE = YES_ERROR;
				CLANG_WARN_EMPTY_BODY = YES;
				CLANG_WARN_ENUM_CONVERSION = YES;
				CLANG_WARN_INT_CONVERSION = YES;
				CLANG_WARN_OBJC_ROOT_CLASS = YES_ERROR;
				CLANG_WARN_UNREACHABLE_CODE = YES;
				CLANG_WARN__DUPLICATE_METHOD_MATCH = YES;
				COPY_PHASE_STRIP = NO;
				ENABLE_STRICT_OBJC_MSGSEND = YES;
				GCC_C_LANGUAGE_STANDARD = gnu99;
				GCC_DYNAMIC_NO_PIC = NO;
				GCC_OPTIMIZATION_LEVEL = 0;
				GCC_PREPROCESSOR_DEFINITIONS = (
					"DEBUG=1",
					"$(inherited)",
				);
				GCC_SYMBOLS_PRIVATE_EXTERN = NO;
				GCC_WARN_64_TO_32_BIT_CONVERSION = YES;
				GCC_WARN_ABOUT_RETURN_TYPE = YES_ERROR;
				GCC_WARN_UNDECLARED_SELECTOR = YES;
				GCC_WARN_UNINITIALIZED_AUTOS = YES_AGGRESSIVE;
				GCC_WARN_UNUSED_FUNCTION = YES;
				GCC_WARN_UNUSED_VARIABLE = YES;
				HEADER_SEARCH_PATHS = (
					"$(inherited)",
					/Applications/Xcode.app/Contents/Developer/Toolchains/XcodeDefault.xctoolchain/usr/include,
					../basics/include,
					../ycore/include,
				);
				MACOSX_DEPLOYMENT_TARGET = 10.9;
				MTL_ENABLE_DEBUG_INFO = YES;
				ONLY_ACTIVE_ARCH = YES;
				SDKROOT = macosx;
			};
			name = Debug;
		};
		4BCF3D551A856FF500B9AB3A /* Release */ = {
			isa = XCBuildConfiguration;
			buildSettings = {
				ALWAYS_SEARCH_USER_PATHS = NO;
				CLANG_CXX_LANGUAGE_STANDARD = "gnu++0x";
				CLANG_CXX_LIBRARY = "libc++";
				CLANG_ENABLE_MODULES = YES;
				CLANG_ENABLE_OBJC_ARC = YES;
				CLANG_WARN_BOOL_CONVERSION = YES;
				CLANG_WARN_CONSTANT_CONVERSION = YES;
				CLANG_WARN_DIRECT_OBJC_ISA_USAGE = YES_ERROR;
				CLANG_WARN_EMPTY_BODY = YES;
				CLANG_WARN_ENUM_CONVERSION = YES;
				CLANG_WARN_INT_CONVERSION = YES;
				CLANG_WARN_OBJC_ROOT_CLASS = YES_ERROR;
				CLANG_WARN_UNREACHABLE_CODE = YES;
				CLANG_WARN__DUPLICATE_METHOD_MATCH = YES;
				COPY_PHASE_STRIP = YES;
				DEBUG_INFORMATION_FORMAT = "dwarf-with-dsym";
				ENABLE_NS_ASSERTIONS = NO;
				ENABLE_STRICT_OBJC_MSGSEND = YES;
				GCC_C_LANGUAGE_STANDARD = gnu99;
				GCC_WARN_64_TO_32_BIT_CONVERSION = YES;
				GCC_WARN_ABOUT_RETURN_TYPE = YES_ERROR;
				GCC_WARN_UNDECLARED_SELECTOR = YES;
				GCC_WARN_UNINITIALIZED_AUTOS = YES_AGGRESSIVE;
				GCC_WARN_UNUSED_FUNCTION = YES;
				GCC_WARN_UNUSED_VARIABLE = YES;
				HEADER_SEARCH_PATHS = (
					"$(inherited)",
					/Applications/Xcode.app/Contents/Developer/Toolchains/XcodeDefault.xctoolchain/usr/include,
					../basics/include,
					../ycore/include,
				);
				MACOSX_DEPLOYMENT_TARGET = 10.9;
				MTL_ENABLE_DEBUG_INFO = NO;
				SDKROOT = macosx;
			};
			name = Release;
		};
		4BCF3D571A856FF500B9AB3A /* Debug */ = {
			isa = XCBuildConfiguration;
			buildSettings = {
				COMBINE_HIDPI_IMAGES = YES;
				EXECUTABLE_PREFIX = lib;
				PRODUCT_NAME = "$(TARGET_NAME)";
			};
			name = Debug;
		};
		4BCF3D581A856FF500B9AB3A /* Release */ = {
			isa = XCBuildConfiguration;
			buildSettings = {
				COMBINE_HIDPI_IMAGES = YES;
				EXECUTABLE_PREFIX = lib;
				PRODUCT_NAME = "$(TARGET_NAME)";
			};
			name = Release;
		};
/* End XCBuildConfiguration section */

/* Begin XCConfigurationList section */
		4BCF3D4D1A856FF500B9AB3A /* Build configuration list for PBXProject "ylang" */ = {
			isa = XCConfigurationList;
			buildConfigurations = (
				4BCF3D541A856FF500B9AB3A /* Debug */,
				4BCF3D551A856FF500B9AB3A /* Release */,
			);
			defaultConfigurationIsVisible = 0;
			defaultConfigurationName = Release;
		};
		4BCF3D561A856FF500B9AB3A /* Build configuration list for PBXNativeTarget "ylang" */ = {
			isa = XCConfigurationList;
			buildConfigurations = (
				4BCF3D571A856FF500B9AB3A /* Debug */,
				4BCF3D581A856FF500B9AB3A /* Release */,
			);
			defaultConfigurationIsVisible = 0;
			defaultConfigurationName = Release;
		};
/* End XCConfigurationList section */
	};
	rootObject = 4BCF3D4A1A856FF500B9AB3A /* Project object */;
}
